Microsoft Visual Studio Solution File, Format Version 12.00
# Visual Studio Version 17
VisualStudioVersion = 17.5.2.0
MinimumVisualStudioVersion = 10.0.40219.1
Project("{FAE04EC0-301F-11D3-BF4B-00C04F79EFBC}") = "RazorPagesAutomobile", "RazorPagesAutomobile.csproj", "{D0D1AA1F-47DF-5058-4BC5-F3A4443C99AF}"
EndProject
Global
	GlobalSection(SolutionConfigurationPlatforms) = preSolution
		Debug|Any CPU = Debug|Any CPU
		Release|Any CPU = Release|Any CPU
	EndGlobalSection
	GlobalSection(ProjectConfigurationPlatforms) = postSolution
		{D0D1AA1F-47DF-5058-4BC5-F3A4443C99AF}.Debug|Any CPU.ActiveCfg = Debug|Any CPU
		{D0D1AA1F-47DF-5058-4BC5-F3A4443C99AF}.Debug|Any CPU.Build.0 = Debug|Any CPU
		{D0D1AA1F-47DF-5058-4BC5-F3A4443C99AF}.Release|Any CPU.ActiveCfg = Release|Any CPU
		{D0D1AA1F-47DF-5058-4BC5-F3A4443C99AF}.Release|Any CPU.Build.0 = Release|Any CPU
	EndGlobalSection
	GlobalSection(SolutionProperties) = preSolution
		HideSolutionNode = FALSE
	EndGlobalSection
	GlobalSection(ExtensibilityGlobals) = postSolution
		SolutionGuid = {20F83F0A-5645-479F-AA02-4ABC64F1B2E7}
	EndGlobalSection
EndGlobal
